// !$*UTF8*$!
{
	archiveVersion = 1;
	classes = {
	};
	objectVersion = 48;
	objects = {

/* Begin PBXBuildFile section */
		03ED27A91FB08239006B4DE4 /* AppDelegate.swift in Sources */ = {isa = PBXBuildFile; fileRef = 03ED27A81FB08239006B4DE4 /* AppDelegate.swift */; };
		03ED27AB1FB08239006B4DE4 /* ViewController.swift in Sources */ = {isa = PBXBuildFile; fileRef = 03ED27AA1FB08239006B4DE4 /* ViewController.swift */; };
		03ED27AE1FB08239006B4DE4 /* Main.storyboard in Resources */ = {isa = PBXBuildFile; fileRef = 03ED27AC1FB08239006B4DE4 /* Main.storyboard */; };
		03ED27B01FB08239006B4DE4 /* Assets.xcassets in Resources */ = {isa = PBXBuildFile; fileRef = 03ED27AF1FB08239006B4DE4 /* Assets.xcassets */; };
		03ED27B31FB08239006B4DE4 /* LaunchScreen.storyboard in Resources */ = {isa = PBXBuildFile; fileRef = 03ED27B11FB08239006B4DE4 /* LaunchScreen.storyboard */; };
		03ED27BB1FB08319006B4DE4 /* introduction.mp4 in Resources */ = {isa = PBXBuildFile; fileRef = 03ED27BA1FB08319006B4DE4 /* introduction.mp4 */; };
/* End PBXBuildFile section */

/* Begin PBXFileReference section */
		03ED27A51FB08239006B4DE4 /* VideoCover.app */ = {isa = PBXFileReference; explicitFileType = wrapper.application; includeInIndex = 0; path = VideoCover.app; sourceTree = BUILT_PRODUCTS_DIR; };
		03ED27A81FB08239006B4DE4 /* AppDelegate.swift */ = {isa = PBXFileReference; lastKnownFileType = sourcecode.swift; path = AppDelegate.swift; sourceTree = "<group>"; };
		03ED27AA1FB08239006B4DE4 /* ViewController.swift */ = {isa = PBXFileReference; lastKnownFileType = sourcecode.swift; path = ViewController.swift; sourceTree = "<group>"; };
		03ED27AD1FB08239006B4DE4 /* Base */ = {isa = PBXFileReference; lastKnownFileType = file.storyboard; name = Base; path = Base.lproj/Main.storyboard; sourceTree = "<group>"; };
		03ED27AF1FB08239006B4DE4 /* Assets.xcassets */ = {isa = PBXFileReference; lastKnownFileType = folder.assetcatalog; path = Assets.xcassets; sourceTree = "<group>"; };
		03ED27B21FB08239006B4DE4 /* Base */ = {isa = PBXFileReference; lastKnownFileType = file.storyboard; name = Base; path = Base.lproj/LaunchScreen.storyboard; sourceTree = "<group>"; };
		03ED27B41FB08239006B4DE4 /* Info.plist */ = {isa = PBXFileReference; lastKnownFileType = text.plist.xml; path = Info.plist; sourceTree = "<group>"; };
		03ED27BA1FB08319006B4DE4 /* introduction.mp4 */ = {isa = PBXFileReference; lastKnownFileType = file; path = introduction.mp4; sourceTree = "<group>"; };
/* End PBXFileReference section */

/* Begin PBXFrameworksBuildPhase section */
		03ED27A21FB08239006B4DE4 /* Frameworks */ = {
			isa = PBXFrameworksBuildPhase;
			buildActionMask = 2147483647;
			files = (
			);
			runOnlyForDeploymentPostprocessing = 0;
		};
/* End PBXFrameworksBuildPhase section */

/* Begin PBXGroup section */
		03ED279C1FB08239006B4DE4 = {
			isa = PBXGroup;
			children = (
				03ED27A71FB08239006B4DE4 /* VideoCover */,
				03ED27A61FB08239006B4DE4 /* Products */,
			);
			sourceTree = "<group>";
		};
		03ED27A61FB08239006B4DE4 /* Products */ = {
			isa = PBXGroup;
			children = (
				03ED27A51FB08239006B4DE4 /* VideoCover.app */,
			);
			name = Products;
			sourceTree = "<group>";
		};
		03ED27A71FB08239006B4DE4 /* VideoCover */ = {
			isa = PBXGroup;
			children = (
				03ED27A81FB08239006B4DE4 /* AppDelegate.swift */,
				03ED27AA1FB08239006B4DE4 /* ViewController.swift */,
				03ED27AC1FB08239006B4DE4 /* Main.storyboard */,
				03ED27AF1FB08239006B4DE4 /* Assets.xcassets */,
				03ED27B11FB08239006B4DE4 /* LaunchScreen.storyboard */,
				03ED27B41FB08239006B4DE4 /* Info.plist */,
				03ED27BA1FB08319006B4DE4 /* introduction.mp4 */,
			);
			path = VideoCover;
			sourceTree = "<group>";
		};
/* End PBXGroup section */

/* Begin PBXNativeTarget section */
		03ED27A41FB08239006B4DE4 /* VideoCover */ = {
			isa = PBXNativeTarget;
			buildConfigurationList = 03ED27B71FB08239006B4DE4 /* Build configuration list for PBXNativeTarget "VideoCover" */;
			buildPhases = (
				03ED27A11FB08239006B4DE4 /* Sources */,
				03ED27A21FB08239006B4DE4 /* Frameworks */,
				03ED27A31FB08239006B4DE4 /* Resources */,
			);
			buildRules = (
			);
			dependencies = (
			);
			name = VideoCover;
			productName = VideoCover;
			productReference = 03ED27A51FB08239006B4DE4 /* VideoCover.app */;
			productType = "com.apple.product-type.application";
		};
/* End PBXNativeTarget section */

/* Begin PBXProject section */
		03ED279D1FB08239006B4DE4 /* Project object */ = {
			isa = PBXProject;
			attributes = {
				LastSwiftUpdateCheck = 0910;
				LastUpgradeCheck = 0910;
				ORGANIZATIONNAME = bichenkk;
				TargetAttributes = {
					03ED27A41FB08239006B4DE4 = {
						CreatedOnToolsVersion = 9.1;
						ProvisioningStyle = Manual;
					};
				};
			};
			buildConfigurationList = 03ED27A01FB08239006B4DE4 /* Build configuration list for PBXProject "VideoCover" */;
			compatibilityVersion = "Xcode 8.0";
			developmentRegion = en;
			hasScannedForEncodings = 0;
			knownRegions = (
				en,
				Base,
			);
			mainGroup = 03ED279C1FB08239006B4DE4;
			productRefGroup = 03ED27A61FB08239006B4DE4 /* Products */;
			projectDirPath = "";
			projectRoot = "";
			targets = (
				03ED27A41FB08239006B4DE4 /* VideoCover */,
			);
		};
/* End PBXProject section */

/* Begin PBXResourcesBuildPhase section */
		03ED27A31FB08239006B4DE4 /* Resources */ = {
			isa = PBXResourcesBuildPhase;
			buildActionMask = 2147483647;
			files = (
				03ED27B31FB08239006B4DE4 /* LaunchScreen.storyboard in Resources */,
				03ED27BB1FB08319006B4DE4 /* introduction.mp4 in Resources */,
				03ED27B01FB08239006B4DE4 /* Assets.xcassets in Resources */,
				03ED27AE1FB08239006B4DE4 /* Main.storyboard in Resources */,
			);
			runOnlyForDeploymentPostprocessing = 0;
		};
/* End PBXResourcesBuildPhase section */

/* Begin PBXSourcesBuildPhase section */
		03ED27A11FB08239006B4DE4 /* Sources */ = {
			isa = PBXSourcesBuildPhase;
			buildActionMask = 2147483647;
			files = (
				03ED27AB1FB08239006B4DE4 /* ViewController.swift in Sources */,
				03ED27A91FB08239006B4DE4 /* AppDelegate.swift in Sources */,
			);
			runOnlyForDeploymentPostprocessing = 0;
		};
/* End PBXSourcesBuildPhase section */

/* Begin PBXVariantGroup section */
		03ED27AC1FB08239006B4DE4 /* Main.storyboard */ = {
			isa = PBXVariantGroup;
			children = (
				03ED27AD1FB08239006B4DE4 /* Base */,
			);
			name = Main.storyboard;
			sourceTree = "<group>";
		};
		03ED27B11FB08239006B4DE4 /* LaunchScreen.storyboard */ = {
			isa = PBXVariantGroup;
			children = (
				03ED27B21FB08239006B4DE4 /* Base */,
			);
			name = LaunchScreen.storyboard;
			sourceTree = "<group>";
		};
/* End PBXVariantGroup section */

/* Begin XCBuildConfiguration section */
		03ED27B51FB08239006B4DE4 /* Debug */ = {
			isa = XCBuildConfiguration;
			buildSettings = {
				ALWAYS_SEARCH_USER_PATHS = NO;
				CLANG_ANALYZER_NONNULL = YES;
				CLANG_ANALYZER_NUMBER_OBJECT_CONVERSION = YES_AGGRESSIVE;
				CLANG_CXX_LANGUAGE_STANDARD = "gnu++14";
				CLANG_CXX_LIBRARY = "libc++";
				CLANG_ENABLE_MODULES = YES;
				CLANG_ENABLE_OBJC_ARC = YES;
				CLANG_WARN_BLOCK_CAPTURE_AUTORELEASING = YES;
				CLANG_WARN_BOOL_CONVERSION = YES;
				CLANG_WARN_COMMA = YES;
				CLANG_WARN_CONSTANT_CONVERSION = YES;
				CLANG_WARN_DIRECT_OBJC_ISA_USAGE = YES_ERROR;
				CLANG_WARN_DOCUMENTATION_COMMENTS = YES;
				CLANG_WARN_EMPTY_BODY = YES;
				CLANG_WARN_ENUM_CONVERSION = YES;
				CLANG_WARN_INFINITE_RECURSION = YES;
				CLANG_WARN_INT_CONVERSION = YES;
				CLANG_WARN_NON_LITERAL_NULL_CONVERSION = YES;
				CLANG_WARN_OBJC_LITERAL_CONVERSION = YES;
				CLANG_WARN_OBJC_ROOT_CLASS = YES_ERROR;
				CLANG_WARN_RANGE_LOOP_ANALYSIS = YES;
				CLANG_WARN_STRICT_PROTOTYPES = YES;
				CLANG_WARN_SUSPICIOUS_MOVE = YES;
				CLANG_WARN_UNGUARDED_AVAILABILITY = YES_AGGRESSIVE;
				CLANG_WARN_UNREACHABLE_CODE = YES;
				CLANG_WARN__DUPLICATE_METHOD_MATCH = YES;
				CODE_SIGN_IDENTITY = "iPhone Developer";
				COPY_PHASE_STRIP = NO;
				DEBUG_INFORMATION_FORMAT = dwarf;
				ENABLE_STRICT_OBJC_MSGSEND = YES;
				ENABLE_TESTABILITY = YES;
				GCC_C_LANGUAGE_STANDARD = gnu11;
				GCC_DYNAMIC_NO_PIC = NO;
				GCC_NO_COMMON_BLOCKS = YES;
				GCC_OPTIMIZATION_LEVEL = 0;
				GCC_PREPROCESSOR_DEFINITIONS = (
					"DEBUG=1",
					"$(inherited)",
				);
				GCC_WARN_64_TO_32_BIT_CONVERSION = YES;
				GCC_WARN_ABOUT_RETURN_TYPE = YES_ERROR;
				GCC_WARN_UNDECLARED_SELECTOR = YES;
				GCC_WARN_UNINITIALIZED_AUTOS = YES_AGGRESSIVE;
				GCC_WARN_UNUSED_FUNCTION = YES;
				GCC_WARN_UNUSED_VARIABLE = YES;
				IPHONEOS_DEPLOYMENT_TARGET = 11.1;
				MTL_ENABLE_DEBUG_INFO = YES;
				ONLY_ACTIVE_ARCH = YES;
				SDKROOT = iphoneos;
				SWIFT_ACTIVE_COMPILATION_CONDITIONS = DEBUG;
				SWIFT_OPTIMIZATION_LEVEL = "-Onone";
			};
			name = Debug;
		};
		03ED27B61FB08239006B4DE4 /* Release */ = {
			isa = XCBuildConfiguration;
			buildSettings = {
				ALWAYS_SEARCH_USER_PATHS = NO;
				CLANG_ANALYZER_NONNULL = YES;
				CLANG_ANALYZER_NUMBER_OBJECT_CONVERSION = YES_AGGRESSIVE;
				CLANG_CXX_LANGUAGE_STANDARD = "gnu++14";
				CLANG_CXX_LIBRARY = "libc++";
				CLANG_ENABLE_MODULES = YES;
				CLANG_ENABLE_OBJC_ARC = YES;
				CLANG_WARN_BLOCK_CAPTURE_AUTORELEASING = YES;
				CLANG_WARN_BOOL_CONVERSION = YES;
				CLANG_WARN_COMMA = YES;
				CLANG_WARN_CONSTANT_CONVERSION = YES;
				CLANG_WARN_DIRECT_OBJC_ISA_USAGE = YES_ERROR;
				CLANG_WARN_DOCUMENTATION_COMMENTS = YES;
				CLANG_WARN_EMPTY_BODY = YES;
				CLANG_WARN_ENUM_CONVERSION = YES;
				CLANG_WARN_INFINITE_RECURSION = YES;
				CLANG_WARN_INT_CONVERSION = YES;
				CLANG_WARN_NON_LITERAL_NULL_CONVERSION = YES;
				CLANG_WARN_OBJC_LITERAL_CONVERSION = YES;
				CLANG_WARN_OBJC_ROOT_CLASS = YES_ERROR;
				CLANG_WARN_RANGE_LOOP_ANALYSIS = YES;
				CLANG_WARN_STRICT_PROTOTYPES = YES;
				CLANG_WARN_SUSPICIOUS_MOVE = YES;
				CLANG_WARN_UNGUARDED_AVAILABILITY = YES_AGGRESSIVE;
				CLANG_WARN_UNREACHABLE_CODE = YES;
				CLANG_WARN__DUPLICATE_METHOD_MATCH = YES;
				CODE_SIGN_IDENTITY = "iPhone Developer";
				COPY_PHASE_STRIP = NO;
				DEBUG_INFORMATION_FORMAT = "dwarf-with-dsym";
				ENABLE_NS_ASSERTIONS = NO;
				ENABLE_STRICT_OBJC_MSGSEND = YES;
				GCC_C_LANGUAGE_STANDARD = gnu11;
				GCC_NO_COMMON_BLOCKS = YES;
				GCC_WARN_64_TO_32_BIT_CONVERSION = YES;
				GCC_WARN_ABOUT_RETURN_TYPE = YES_ERROR;
				GCC_WARN_UNDECLARED_SELECTOR = YES;
				GCC_WARN_UNINITIALIZED_AUTOS = YES_AGGRESSIVE;
				GCC_WARN_UNUSED_FUNCTION = YES;
				GCC_WARN_UNUSED_VARIABLE = YES;
				IPHONEOS_DEPLOYMENT_TARGET = 11.1;
				MTL_ENABLE_DEBUG_INFO = NO;
				SDKROOT = iphoneos;
				SWIFT_OPTIMIZATION_LEVEL = "-Owholemodule";
				VALIDATE_PRODUCT = YES;
			};
			name = Release;
		};
		03ED27B81FB08239006B4DE4 /* Debug */ = {
			isa = XCBuildConfiguration;
			buildSettings = {
				ASSETCATALOG_COMPILER_APPICON_NAME = AppIcon;
				CODE_SIGN_STYLE = Manual;
				DEVELOPMENT_TEAM = QMLN2A869K;
				INFOPLIST_FILE = VideoCover/Info.plist;
				IPHONEOS_DEPLOYMENT_TARGET = 10.0;
				LD_RUNPATH_SEARCH_PATHS = "$(inherited) @executable_path/Frameworks";
				PRODUCT_BUNDLE_IDENTIFIER = com.bichenkk.VideoCover;
				PRODUCT_NAME = "$(TARGET_NAME)";
				PROVISIONING_PROFILE = "c72cf043-01ee-4b06-b907-0e2228e8c7e1";
				PROVISIONING_PROFILE_SPECIFIER = "BCKK Development Profile";
				SWIFT_VERSION = 4.0;
				TARGETED_DEVICE_FAMILY = "1,2";
			};
			name = Debug;
		};
		03ED27B91FB08239006B4DE4 /* Release */ = {
			isa = XCBuildConfiguration;
			buildSettings = {
				ASSETCATALOG_COMPILER_APPICON_NAME = AppIcon;
				"CODE_SIGN_IDENTITY[sdk=iphoneos*]" = "iPhone Distribution";
				CODE_SIGN_STYLE = Manual;
				DEVELOPMENT_TEAM = QMLN2A869K;
				INFOPLIST_FILE = VideoCover/Info.plist;
				IPHONEOS_DEPLOYMENT_TARGET = 10.0;
				LD_RUNPATH_SEARCH_PATHS = "$(inherited) @executable_path/Frameworks";
				PRODUCT_BUNDLE_IDENTIFIER = com.bichenkk.VideoCover;
				PRODUCT_NAME = "$(TARGET_NAME)";
				PROVISIONING_PROFILE = "5aeb0bec-5e92-465f-8652-3017019f9b53";
				PROVISIONING_PROFILE_SPECIFIER = "BCKK AdHoc Distribution Profile";
				SWIFT_VERSION = 4.0;
				TARGETED_DEVICE_FAMILY = "1,2";
			};
			name = Release;
		};
/* End XCBuildConfiguration section */

/* Begin XCConfigurationList section */
		03ED27A01FB08239006B4DE4 /* Build configuration list for PBXProject "VideoCover" */ = {
			isa = XCConfigurationList;
			buildConfigurations = (
				03ED27B51FB08239006B4DE4 /* Debug */,
				03ED27B61FB08239006B4DE4 /* Release */,
			);
			defaultConfigurationIsVisible = 0;
			defaultConfigurationName = Release;
		};
		03ED27B71FB08239006B4DE4 /* Build configuration list for PBXNativeTarget "VideoCover" */ = {
			isa = XCConfigurationList;
			buildConfigurations = (
				03ED27B81FB08239006B4DE4 /* Debug */,
				03ED27B91FB08239006B4DE4 /* Release */,
			);
			defaultConfigurationIsVisible = 0;
			defaultConfigurationName = Release;
		};
/* End XCConfigurationList section */
	};
	rootObject = 03ED279D1FB08239006B4DE4 /* Project object */;
}
